
Microsoft Visual Studio Solution File, Format Version 12.00
Project("{FAE04EC0-301F-11D3-BF4B-00C04F79EFBC}") = "LuckyFish.FileManager", "LuckyFish.FileManager\LuckyFish.FileManager.csproj", "{0EE242F3-4E86-482F-9AED-BC827C73062C}"
EndProject
Project("{FAE04EC0-301F-11D3-BF4B-00C04F79EFBC}") = "FileManager.Lib", "FileManager.Lib\FileManager.Lib.csproj", "{60D3DBB4-3CEA-4D13-8CF0-907B9806DB7B}"
EndProject
Global
	GlobalSection(SolutionConfigurationPlatforms) = preSolution
		Debug|Any CPU = Debug|Any CPU
		Release|Any CPU = Release|Any CPU
	EndGlobalSection
	GlobalSection(ProjectConfigurationPlatforms) = postSolution
		{0EE242F3-4E86-482F-9AED-BC827C73062C}.Debug|Any CPU.ActiveCfg = Debug|Any CPU
		{0EE242F3-4E86-482F-9AED-BC827C73062C}.Debug|Any CPU.Build.0 = Debug|Any CPU
		{0EE242F3-4E86-482F-9AED-BC827C73062C}.Release|Any CPU.ActiveCfg = Release|Any CPU
		{0EE242F3-4E86-482F-9AED-BC827C73062C}.Release|Any CPU.Build.0 = Release|Any CPU
		{60D3DBB4-3CEA-4D13-8CF0-907B9806DB7B}.Debug|Any CPU.ActiveCfg = Debug|Any CPU
		{60D3DBB4-3CEA-4D13-8CF0-907B9806DB7B}.Debug|Any CPU.Build.0 = Debug|Any CPU
		{60D3DBB4-3CEA-4D13-8CF0-907B9806DB7B}.Release|Any CPU.ActiveCfg = Release|Any CPU
		{60D3DBB4-3CEA-4D13-8CF0-907B9806DB7B}.Release|Any CPU.Build.0 = Release|Any CPU
	EndGlobalSection
EndGlobal
